
Microsoft Visual Studio Solution File, Format Version 12.00
# Visual Studio Version 17
VisualStudioVersion = 17.0.31903.59
MinimumVisualStudioVersion = 10.0.40219.1
Project("{2150E333-8FDC-42A3-9474-1A3956D46DE8}") = "src", "src", "{827E0CD3-B72D-47B6-A68D-7590B98EB39B}"
EndProject
Project("{FAE04EC0-301F-11D3-BF4B-00C04F79EFBC}") = "MentalHealthBar.Api", "src\MentalHealthBar.Api\MentalHealthBar.Api.csproj", "{906F947E-3272-4338-8287-1E4910951222}"
EndProject
Project("{FAE04EC0-301F-11D3-BF4B-00C04F79EFBC}") = "MentalHealthBar.Desktop", "src\MentalHealthBar.Desktop\MentalHealthBar.Desktop.csproj", "{AE63BCC6-95FC-4DB9-A2C9-846D56DE5008}"
EndProject
Project("{2150E333-8FDC-42A3-9474-1A3956D46DE8}") = "tests", "tests", "{0AB3BF05-4346-4AA6-1389-037BE0695223}"
EndProject
Project("{FAE04EC0-301F-11D3-BF4B-00C04F79EFBC}") = "MentalHealthBar.Api.Tests", "tests\MentalHealthBar.Api.Tests\MentalHealthBar.Api.Tests.csproj", "{55CB5E13-CE05-4FA9-AA5B-51A8FEDF2C87}"
EndProject
Project("{FAE04EC0-301F-11D3-BF4B-00C04F79EFBC}") = "MentalHealthBar.Desktop.Tests", "tests\MentalHealthBar.Desktop.Tests\MentalHealthBar.Desktop.Tests.csproj", "{FD63D0F3-E359-45DA-8A7E-723159A3D9CC}"
EndProject
Global
	GlobalSection(SolutionConfigurationPlatforms) = preSolution
		Debug|Any CPU = Debug|Any CPU
		Debug|x64 = Debug|x64
		Debug|x86 = Debug|x86
		Release|Any CPU = Release|Any CPU
		Release|x64 = Release|x64
		Release|x86 = Release|x86
	EndGlobalSection
	GlobalSection(ProjectConfigurationPlatforms) = postSolution
		{906F947E-3272-4338-8287-1E4910951222}.Debug|Any CPU.ActiveCfg = Debug|Any CPU
		{906F947E-3272-4338-8287-1E4910951222}.Debug|Any CPU.Build.0 = Debug|Any CPU
		{906F947E-3272-4338-8287-1E4910951222}.Debug|x64.ActiveCfg = Debug|Any CPU
		{906F947E-3272-4338-8287-1E4910951222}.Debug|x64.Build.0 = Debug|Any CPU
		{906F947E-3272-4338-8287-1E4910951222}.Debug|x86.ActiveCfg = Debug|Any CPU
		{906F947E-3272-4338-8287-1E4910951222}.Debug|x86.Build.0 = Debug|Any CPU
		{906F947E-3272-4338-8287-1E4910951222}.Release|Any CPU.ActiveCfg = Release|Any CPU
		{906F947E-3272-4338-8287-1E4910951222}.Release|Any CPU.Build.0 = Release|Any CPU
		{906F947E-3272-4338-8287-1E4910951222}.Release|x64.ActiveCfg = Release|Any CPU
		{906F947E-3272-4338-8287-1E4910951222}.Release|x64.Build.0 = Release|Any CPU
		{906F947E-3272-4338-8287-1E4910951222}.Release|x86.ActiveCfg = Release|Any CPU
		{906F947E-3272-4338-8287-1E4910951222}.Release|x86.Build.0 = Release|Any CPU
		{AE63BCC6-95FC-4DB9-A2C9-846D56DE5008}.Debug|Any CPU.ActiveCfg = Debug|Any CPU
		{AE63BCC6-95FC-4DB9-A2C9-846D56DE5008}.Debug|Any CPU.Build.0 = Debug|Any CPU
		{AE63BCC6-95FC-4DB9-A2C9-846D56DE5008}.Debug|x64.ActiveCfg = Debug|Any CPU
		{AE63BCC6-95FC-4DB9-A2C9-846D56DE5008}.Debug|x64.Build.0 = Debug|Any CPU
		{AE63BCC6-95FC-4DB9-A2C9-846D56DE5008}.Debug|x86.ActiveCfg = Debug|Any CPU
		{AE63BCC6-95FC-4DB9-A2C9-846D56DE5008}.Debug|x86.Build.0 = Debug|Any CPU
		{AE63BCC6-95FC-4DB9-A2C9-846D56DE5008}.Release|Any CPU.ActiveCfg = Release|Any CPU
		{AE63BCC6-95FC-4DB9-A2C9-846D56DE5008}.Release|Any CPU.Build.0 = Release|Any CPU
		{AE63BCC6-95FC-4DB9-A2C9-846D56DE5008}.Release|x64.ActiveCfg = Release|Any CPU
		{AE63BCC6-95FC-4DB9-A2C9-846D56DE5008}.Release|x64.Build.0 = Release|Any CPU
		{AE63BCC6-95FC-4DB9-A2C9-846D56DE5008}.Release|x86.ActiveCfg = Release|Any CPU
		{AE63BCC6-95FC-4DB9-A2C9-846D56DE5008}.Release|x86.Build.0 = Release|Any CPU
		{55CB5E13-CE05-4FA9-AA5B-51A8FEDF2C87}.Debug|Any CPU.ActiveCfg = Debug|Any CPU
		{55CB5E13-CE05-4FA9-AA5B-51A8FEDF2C87}.Debug|Any CPU.Build.0 = Debug|Any CPU
		{55CB5E13-CE05-4FA9-AA5B-51A8FEDF2C87}.Debug|x64.ActiveCfg = Debug|Any CPU
		{55CB5E13-CE05-4FA9-AA5B-51A8FEDF2C87}.Debug|x64.Build.0 = Debug|Any CPU
		{55CB5E13-CE05-4FA9-AA5B-51A8FEDF2C87}.Debug|x86.ActiveCfg = Debug|Any CPU
		{55CB5E13-CE05-4FA9-AA5B-51A8FEDF2C87}.Debug|x86.Build.0 = Debug|Any CPU
		{55CB5E13-CE05-4FA9-AA5B-51A8FEDF2C87}.Release|Any CPU.ActiveCfg = Release|Any CPU
		{55CB5E13-CE05-4FA9-AA5B-51A8FEDF2C87}.Release|Any CPU.Build.0 = Release|Any CPU
		{55CB5E13-CE05-4FA9-AA5B-51A8FEDF2C87}.Release|x64.ActiveCfg = Release|Any CPU
		{55CB5E13-CE05-4FA9-AA5B-51A8FEDF2C87}.Release|x64.Build.0 = Release|Any CPU
		{55CB5E13-CE05-4FA9-AA5B-51A8FEDF2C87}.Release|x86.ActiveCfg = Release|Any CPU
		{55CB5E13-CE05-4FA9-AA5B-51A8FEDF2C87}.Release|x86.Build.0 = Release|Any CPU
		{FD63D0F3-E359-45DA-8A7E-723159A3D9CC}.Debug|Any CPU.ActiveCfg = Debug|Any CPU
		{FD63D0F3-E359-45DA-8A7E-723159A3D9CC}.Debug|Any CPU.Build.0 = Debug|Any CPU
		{FD63D0F3-E359-45DA-8A7E-723159A3D9CC}.Debug|x64.ActiveCfg = Debug|Any CPU
		{FD63D0F3-E359-45DA-8A7E-723159A3D9CC}.Debug|x64.Build.0 = Debug|Any CPU
		{FD63D0F3-E359-45DA-8A7E-723159A3D9CC}.Debug|x86.ActiveCfg = Debug|Any CPU
		{FD63D0F3-E359-45DA-8A7E-723159A3D9CC}.Debug|x86.Build.0 = Debug|Any CPU
		{FD63D0F3-E359-45DA-8A7E-723159A3D9CC}.Release|Any CPU.ActiveCfg = Release|Any CPU
		{FD63D0F3-E359-45DA-8A7E-723159A3D9CC}.Release|Any CPU.Build.0 = Release|Any CPU
		{FD63D0F3-E359-45DA-8A7E-723159A3D9CC}.Release|x64.ActiveCfg = Release|Any CPU
		{FD63D0F3-E359-45DA-8A7E-723159A3D9CC}.Release|x64.Build.0 = Release|Any CPU
		{FD63D0F3-E359-45DA-8A7E-723159A3D9CC}.Release|x86.ActiveCfg = Release|Any CPU
		{FD63D0F3-E359-45DA-8A7E-723159A3D9CC}.Release|x86.Build.0 = Release|Any CPU
	EndGlobalSection
	GlobalSection(SolutionProperties) = preSolution
		HideSolutionNode = FALSE
	EndGlobalSection
	GlobalSection(NestedProjects) = preSolution
		{906F947E-3272-4338-8287-1E4910951222} = {827E0CD3-B72D-47B6-A68D-7590B98EB39B}
		{AE63BCC6-95FC-4DB9-A2C9-846D56DE5008} = {827E0CD3-B72D-47B6-A68D-7590B98EB39B}
		{55CB5E13-CE05-4FA9-AA5B-51A8FEDF2C87} = {0AB3BF05-4346-4AA6-1389-037BE0695223}
		{FD63D0F3-E359-45DA-8A7E-723159A3D9CC} = {0AB3BF05-4346-4AA6-1389-037BE0695223}
	EndGlobalSection
EndGlobal
